
Microsoft Visual Studio Solution File, Format Version 12.00
# Visual Studio Version 16
VisualStudioVersion = 16.0.30011.22
MinimumVisualStudioVersion = 10.0.40219.1
Project("{FAE04EC0-301F-11D3-BF4B-00C04F79EFBC}") = "BaseballIpsumAndBBC", "LoremIpsumAndBBC\BaseballIpsumAndBBC.csproj", "{563C88C4-C4AB-4989-A237-3AC6F0E899C6}"
EndProject
Project("{FAE04EC0-301F-11D3-BF4B-00C04F79EFBC}") = "Ipsum", "LoremIpsum\Ipsum.csproj", "{D6979955-FAB8-4A6B-B85E-895675D9A98A}"
	ProjectSection(ProjectDependencies) = postProject
		{563C88C4-C4AB-4989-A237-3AC6F0E899C6} = {563C88C4-C4AB-4989-A237-3AC6F0E899C6}
	EndProjectSection
EndProject
Global
	GlobalSection(SolutionConfigurationPlatforms) = preSolution
		Debug|Any CPU = Debug|Any CPU
		Release|Any CPU = Release|Any CPU
	EndGlobalSection
	GlobalSection(ProjectConfigurationPlatforms) = postSolution
		{563C88C4-C4AB-4989-A237-3AC6F0E899C6}.Debug|Any CPU.ActiveCfg = Debug|Any CPU
		{563C88C4-C4AB-4989-A237-3AC6F0E899C6}.Debug|Any CPU.Build.0 = Debug|Any CPU
		{563C88C4-C4AB-4989-A237-3AC6F0E899C6}.Release|Any CPU.ActiveCfg = Release|Any CPU
		{563C88C4-C4AB-4989-A237-3AC6F0E899C6}.Release|Any CPU.Build.0 = Release|Any CPU
		{D6979955-FAB8-4A6B-B85E-895675D9A98A}.Debug|Any CPU.ActiveCfg = Debug|Any CPU
		{D6979955-FAB8-4A6B-B85E-895675D9A98A}.Debug|Any CPU.Build.0 = Debug|Any CPU
		{D6979955-FAB8-4A6B-B85E-895675D9A98A}.Release|Any CPU.ActiveCfg = Release|Any CPU
		{D6979955-FAB8-4A6B-B85E-895675D9A98A}.Release|Any CPU.Build.0 = Release|Any CPU
	EndGlobalSection
	GlobalSection(SolutionProperties) = preSolution
		HideSolutionNode = FALSE
	EndGlobalSection
	GlobalSection(ExtensibilityGlobals) = postSolution
		SolutionGuid = {C93EA05B-7A23-4344-861F-5EFE9D9A0119}
	EndGlobalSection
EndGlobal
